// !$*UTF8*$!
{
	archiveVersion = 1;
	classes = {
	};
	objectVersion = 55;
	objects = {

/* Begin PBXBuildFile section */
		1182129827EB34E700DEC739 /* UserTableViewCell.swift in Sources */ = {isa = PBXBuildFile; fileRef = 1182129627EB34E700DEC739 /* UserTableViewCell.swift */; };
		1182129927EB34E700DEC739 /* UserTableViewCell.xib in Resources */ = {isa = PBXBuildFile; fileRef = 1182129727EB34E700DEC739 /* UserTableViewCell.xib */; };
		1182129F27EB4A9300DEC739 /* UserDetailInteractor.swift in Sources */ = {isa = PBXBuildFile; fileRef = 1182129E27EB4A9300DEC739 /* UserDetailInteractor.swift */; };
		118212A127EB4AA200DEC739 /* UserDetailCoordinator.swift in Sources */ = {isa = PBXBuildFile; fileRef = 118212A027EB4AA200DEC739 /* UserDetailCoordinator.swift */; };
		118212A327EB4AB100DEC739 /* UserDetailPresenter.swift in Sources */ = {isa = PBXBuildFile; fileRef = 118212A227EB4AB100DEC739 /* UserDetailPresenter.swift */; };
		118212A527EB4AC100DEC739 /* UserDetailViewController.swift in Sources */ = {isa = PBXBuildFile; fileRef = 118212A427EB4AC100DEC739 /* UserDetailViewController.swift */; };
		118212A927EB50F700DEC739 /* UserEntity+CoreDataClass.swift in Sources */ = {isa = PBXBuildFile; fileRef = 118212A727EB50F700DEC739 /* UserEntity+CoreDataClass.swift */; };
		118212AA27EB50F700DEC739 /* UserEntity+CoreDataProperties.swift in Sources */ = {isa = PBXBuildFile; fileRef = 118212A827EB50F700DEC739 /* UserEntity+CoreDataProperties.swift */; };
		118212AC27EB5ED500DEC739 /* CodingUserInfoKey+Assesment.swift in Sources */ = {isa = PBXBuildFile; fileRef = 118212AB27EB5ED500DEC739 /* CodingUserInfoKey+Assesment.swift */; };
		118212AE27EB613300DEC739 /* JSONDecoder+Assesment.swift in Sources */ = {isa = PBXBuildFile; fileRef = 118212AD27EB613300DEC739 /* JSONDecoder+Assesment.swift */; };
		118212B127EB61DE00DEC739 /* CoreDataStack.swift in Sources */ = {isa = PBXBuildFile; fileRef = 118212B027EB61DE00DEC739 /* CoreDataStack.swift */; };
		118212B627EB77E000DEC739 /* UserDetailTableViewCell.swift in Sources */ = {isa = PBXBuildFile; fileRef = 118212B427EB77DF00DEC739 /* UserDetailTableViewCell.swift */; };
		118212B727EB77E000DEC739 /* UserDetailTableViewCell.xib in Resources */ = {isa = PBXBuildFile; fileRef = 118212B527EB77DF00DEC739 /* UserDetailTableViewCell.xib */; };
		118212BA27EB80C100DEC739 /* UserDetailHeaderView.swift in Sources */ = {isa = PBXBuildFile; fileRef = 118212B827EB80C100DEC739 /* UserDetailHeaderView.swift */; };
		118212BB27EB80C100DEC739 /* UserDetailHeaderView.xib in Resources */ = {isa = PBXBuildFile; fileRef = 118212B927EB80C100DEC739 /* UserDetailHeaderView.xib */; };
		118212BD27EB81F900DEC739 /* UserDataStore.swift in Sources */ = {isa = PBXBuildFile; fileRef = 118212BC27EB81F900DEC739 /* UserDataStore.swift */; };
		1183B96927EB91F4005493BD /* UIColor+Assesment.swift in Sources */ = {isa = PBXBuildFile; fileRef = 1183B96827EB91F4005493BD /* UIColor+Assesment.swift */; };
		11ADC4AE27EB2A800093A53D /* AppDelegate.swift in Sources */ = {isa = PBXBuildFile; fileRef = 11ADC4AD27EB2A800093A53D /* AppDelegate.swift */; };
		11ADC4B027EB2A800093A53D /* SceneDelegate.swift in Sources */ = {isa = PBXBuildFile; fileRef = 11ADC4AF27EB2A800093A53D /* SceneDelegate.swift */; };
		11ADC4B527EB2A800093A53D /* Main.storyboard in Resources */ = {isa = PBXBuildFile; fileRef = 11ADC4B327EB2A800093A53D /* Main.storyboard */; };
		11ADC4B827EB2A800093A53D /* hov_assesment.xcdatamodeld in Sources */ = {isa = PBXBuildFile; fileRef = 11ADC4B627EB2A800093A53D /* hov_assesment.xcdatamodeld */; };
		11ADC4BA27EB2A840093A53D /* Assets.xcassets in Resources */ = {isa = PBXBuildFile; fileRef = 11ADC4B927EB2A840093A53D /* Assets.xcassets */; };
		11ADC4BD27EB2A840093A53D /* LaunchScreen.storyboard in Resources */ = {isa = PBXBuildFile; fileRef = 11ADC4BB27EB2A840093A53D /* LaunchScreen.storyboard */; };
		11ADC4C827EB2A850093A53D /* hov_assesmentTests.swift in Sources */ = {isa = PBXBuildFile; fileRef = 11ADC4C727EB2A850093A53D /* hov_assesmentTests.swift */; };
		11ADC4D227EB2A850093A53D /* hov_assesmentUITests.swift in Sources */ = {isa = PBXBuildFile; fileRef = 11ADC4D127EB2A850093A53D /* hov_assesmentUITests.swift */; };
		11ADC4D427EB2A850093A53D /* hov_assesmentUITestsLaunchTests.swift in Sources */ = {isa = PBXBuildFile; fileRef = 11ADC4D327EB2A850093A53D /* hov_assesmentUITestsLaunchTests.swift */; };
		11ADC4E527EB2CD90093A53D /* AppCoordinator.swift in Sources */ = {isa = PBXBuildFile; fileRef = 11ADC4E427EB2CD90093A53D /* AppCoordinator.swift */; };
		11ADC4EB27EB2D520093A53D /* UIViewController+Assessment.swift in Sources */ = {isa = PBXBuildFile; fileRef = 11ADC4E627EB2D520093A53D /* UIViewController+Assessment.swift */; };
		11ADC4EC27EB2D520093A53D /* Date+Extension.swift in Sources */ = {isa = PBXBuildFile; fileRef = 11ADC4E727EB2D520093A53D /* Date+Extension.swift */; };
		11ADC4ED27EB2D520093A53D /* URLRequest+Assessment.swift in Sources */ = {isa = PBXBuildFile; fileRef = 11ADC4E827EB2D520093A53D /* URLRequest+Assessment.swift */; };
		11ADC4EE27EB2D520093A53D /* String+extension.swift in Sources */ = {isa = PBXBuildFile; fileRef = 11ADC4E927EB2D520093A53D /* String+extension.swift */; };
		11ADC4EF27EB2D520093A53D /* UIView+Assessment.swift in Sources */ = {isa = PBXBuildFile; fileRef = 11ADC4EA27EB2D520093A53D /* UIView+Assessment.swift */; };
		11ADC4F427EB2D7A0093A53D /* EndPoint.swift in Sources */ = {isa = PBXBuildFile; fileRef = 11ADC4F127EB2D7A0093A53D /* EndPoint.swift */; };
		11ADC4F527EB2D7A0093A53D /* Users+EndPoint.swift in Sources */ = {isa = PBXBuildFile; fileRef = 11ADC4F227EB2D7A0093A53D /* Users+EndPoint.swift */; };
		11ADC4FB27EB2D8C0093A53D /* APIWorker.swift in Sources */ = {isa = PBXBuildFile; fileRef = 11ADC4F727EB2D8C0093A53D /* APIWorker.swift */; };
		11ADC4FD27EB2D8C0093A53D /* APIWorker+Users.swift in Sources */ = {isa = PBXBuildFile; fileRef = 11ADC4F927EB2D8C0093A53D /* APIWorker+Users.swift */; };
		11ADC4FE27EB2D8C0093A53D /* APIManager.swift in Sources */ = {isa = PBXBuildFile; fileRef = 11ADC4FA27EB2D8C0093A53D /* APIManager.swift */; };
		11ADC50127EB2DAB0093A53D /* User.swift in Sources */ = {isa = PBXBuildFile; fileRef = 11ADC4FF27EB2DAB0093A53D /* User.swift */; };
		11ADC50627EB31030093A53D /* UsersViewController.swift in Sources */ = {isa = PBXBuildFile; fileRef = 11ADC50527EB31030093A53D /* UsersViewController.swift */; };
		11ADC50827EB31130093A53D /* UsersPresenter.swift in Sources */ = {isa = PBXBuildFile; fileRef = 11ADC50727EB31130093A53D /* UsersPresenter.swift */; };
		11ADC50A27EB31220093A53D /* UsersCoordinator.swift in Sources */ = {isa = PBXBuildFile; fileRef = 11ADC50927EB31220093A53D /* UsersCoordinator.swift */; };
		11ADC50C27EB312F0093A53D /* UsersInteractor.swift in Sources */ = {isa = PBXBuildFile; fileRef = 11ADC50B27EB312F0093A53D /* UsersInteractor.swift */; };
		28CB6323F06D362B26591845 /* Pods_hov_assesmentTests.framework in Frameworks */ = {isa = PBXBuildFile; fileRef = EEDB98777F4B8B50036CE153 /* Pods_hov_assesmentTests.framework */; };
		772957C2455C0D2881B10AB5 /* Pods_hov_assesment.framework in Frameworks */ = {isa = PBXBuildFile; fileRef = 6D379C539C3251800120D09F /* Pods_hov_assesment.framework */; };
		F0EE80F96EFFF8E17BFC56E2 /* Pods_hov_assesment_hov_assesmentUITests.framework in Frameworks */ = {isa = PBXBuildFile; fileRef = 30A0C7B561E2182EB73250F0 /* Pods_hov_assesment_hov_assesmentUITests.framework */; };
/* End PBXBuildFile section */

/* Begin PBXContainerItemProxy section */
		11ADC4C427EB2A850093A53D /* PBXContainerItemProxy */ = {
			isa = PBXContainerItemProxy;
			containerPortal = 11ADC4A227EB2A800093A53D /* Project object */;
			proxyType = 1;
			remoteGlobalIDString = 11ADC4A927EB2A800093A53D;
			remoteInfo = hov_assesment;
		};
		11ADC4CE27EB2A850093A53D /* PBXContainerItemProxy */ = {
			isa = PBXContainerItemProxy;
			containerPortal = 11ADC4A227EB2A800093A53D /* Project object */;
			proxyType = 1;
			remoteGlobalIDString = 11ADC4A927EB2A800093A53D;
			remoteInfo = hov_assesment;
		};
/* End PBXContainerItemProxy section */

/* Begin PBXFileReference section */
		0267AF07E8F018E57675FFA2 /* Pods-hov_assesmentTests.debug.xcconfig */ = {isa = PBXFileReference; includeInIndex = 1; lastKnownFileType = text.xcconfig; name = "Pods-hov_assesmentTests.debug.xcconfig"; path = "Target Support Files/Pods-hov_assesmentTests/Pods-hov_assesmentTests.debug.xcconfig"; sourceTree = "<group>"; };
		08F7997C8718DE12C1F66D55 /* Pods-hov_assesment.release.xcconfig */ = {isa = PBXFileReference; includeInIndex = 1; lastKnownFileType = text.xcconfig; name = "Pods-hov_assesment.release.xcconfig"; path = "Target Support Files/Pods-hov_assesment/Pods-hov_assesment.release.xcconfig"; sourceTree = "<group>"; };
		1182129627EB34E700DEC739 /* UserTableViewCell.swift */ = {isa = PBXFileReference; lastKnownFileType = sourcecode.swift; path = UserTableViewCell.swift; sourceTree = "<group>"; };
		1182129727EB34E700DEC739 /* UserTableViewCell.xib */ = {isa = PBXFileReference; lastKnownFileType = file.xib; path = UserTableViewCell.xib; sourceTree = "<group>"; };
		1182129E27EB4A9300DEC739 /* UserDetailInteractor.swift */ = {isa = PBXFileReference; lastKnownFileType = sourcecode.swift; path = UserDetailInteractor.swift; sourceTree = "<group>"; };
		118212A027EB4AA200DEC739 /* UserDetailCoordinator.swift */ = {isa = PBXFileReference; lastKnownFileType = sourcecode.swift; path = UserDetailCoordinator.swift; sourceTree = "<group>"; };
		118212A227EB4AB100DEC739 /* UserDetailPresenter.swift */ = {isa = PBXFileReference; lastKnownFileType = sourcecode.swift; path = UserDetailPresenter.swift; sourceTree = "<group>"; };
		118212A427EB4AC100DEC739 /* UserDetailViewController.swift */ = {isa = PBXFileReference; lastKnownFileType = sourcecode.swift; path = UserDetailViewController.swift; sourceTree = "<group>"; };
		118212A727EB50F700DEC739 /* UserEntity+CoreDataClass.swift */ = {isa = PBXFileReference; lastKnownFileType = sourcecode.swift; name = "UserEntity+CoreDataClass.swift"; path = "/Users/iqueue/Documents/IQ Projects/HOV/hov_assesment/hov_assesment/Models/UserEntity+CoreDataClass.swift"; sourceTree = "<absolute>"; };
		118212A827EB50F700DEC739 /* UserEntity+CoreDataProperties.swift */ = {isa = PBXFileReference; lastKnownFileType = sourcecode.swift; name = "UserEntity+CoreDataProperties.swift"; path = "/Users/iqueue/Documents/IQ Projects/HOV/hov_assesment/hov_assesment/Models/UserEntity+CoreDataProperties.swift"; sourceTree = "<absolute>"; };
		118212AB27EB5ED500DEC739 /* CodingUserInfoKey+Assesment.swift */ = {isa = PBXFileReference; lastKnownFileType = sourcecode.swift; path = "CodingUserInfoKey+Assesment.swift"; sourceTree = "<group>"; };
		118212AD27EB613300DEC739 /* JSONDecoder+Assesment.swift */ = {isa = PBXFileReference; lastKnownFileType = sourcecode.swift; path = "JSONDecoder+Assesment.swift"; sourceTree = "<group>"; };
		118212B027EB61DE00DEC739 /* CoreDataStack.swift */ = {isa = PBXFileReference; lastKnownFileType = sourcecode.swift; path = CoreDataStack.swift; sourceTree = "<group>"; };
		118212B427EB77DF00DEC739 /* UserDetailTableViewCell.swift */ = {isa = PBXFileReference; lastKnownFileType = sourcecode.swift; path = UserDetailTableViewCell.swift; sourceTree = "<group>"; };
		118212B527EB77DF00DEC739 /* UserDetailTableViewCell.xib */ = {isa = PBXFileReference; lastKnownFileType = file.xib; path = UserDetailTableViewCell.xib; sourceTree = "<group>"; };
		118212B827EB80C100DEC739 /* UserDetailHeaderView.swift */ = {isa = PBXFileReference; fileEncoding = 4; lastKnownFileType = sourcecode.swift; path = UserDetailHeaderView.swift; sourceTree = "<group>"; };
		118212B927EB80C100DEC739 /* UserDetailHeaderView.xib */ = {isa = PBXFileReference; fileEncoding = 4; lastKnownFileType = file.xib; path = UserDetailHeaderView.xib; sourceTree = "<group>"; };
		118212BC27EB81F900DEC739 /* UserDataStore.swift */ = {isa = PBXFileReference; lastKnownFileType = sourcecode.swift; path = UserDataStore.swift; sourceTree = "<group>"; };
		1183B96827EB91F4005493BD /* UIColor+Assesment.swift */ = {isa = PBXFileReference; lastKnownFileType = sourcecode.swift; path = "UIColor+Assesment.swift"; sourceTree = "<group>"; };
		11ADC4AA27EB2A800093A53D /* hov_assesment.app */ = {isa = PBXFileReference; explicitFileType = wrapper.application; includeInIndex = 0; path = hov_assesment.app; sourceTree = BUILT_PRODUCTS_DIR; };
		11ADC4AD27EB2A800093A53D /* AppDelegate.swift */ = {isa = PBXFileReference; lastKnownFileType = sourcecode.swift; path = AppDelegate.swift; sourceTree = "<group>"; };
		11ADC4AF27EB2A800093A53D /* SceneDelegate.swift */ = {isa = PBXFileReference; lastKnownFileType = sourcecode.swift; path = SceneDelegate.swift; sourceTree = "<group>"; };
		11ADC4B427EB2A800093A53D /* Base */ = {isa = PBXFileReference; lastKnownFileType = file.storyboard; name = Base; path = Base.lproj/Main.storyboard; sourceTree = "<group>"; };
		11ADC4B727EB2A800093A53D /* hov_assesment.xcdatamodel */ = {isa = PBXFileReference; lastKnownFileType = wrapper.xcdatamodel; path = hov_assesment.xcdatamodel; sourceTree = "<group>"; };
		11ADC4B927EB2A840093A53D /* Assets.xcassets */ = {isa = PBXFileReference; lastKnownFileType = folder.assetcatalog; path = Assets.xcassets; sourceTree = "<group>"; };
		11ADC4BC27EB2A840093A53D /* Base */ = {isa = PBXFileReference; lastKnownFileType = file.storyboard; name = Base; path = Base.lproj/LaunchScreen.storyboard; sourceTree = "<group>"; };
		11ADC4BE27EB2A840093A53D /* Info.plist */ = {isa = PBXFileReference; lastKnownFileType = text.plist.xml; path = Info.plist; sourceTree = "<group>"; };
		11ADC4C327EB2A850093A53D /* hov_assesmentTests.xctest */ = {isa = PBXFileReference; explicitFileType = wrapper.cfbundle; includeInIndex = 0; path = hov_assesmentTests.xctest; sourceTree = BUILT_PRODUCTS_DIR; };
		11ADC4C727EB2A850093A53D /* hov_assesmentTests.swift */ = {isa = PBXFileReference; lastKnownFileType = sourcecode.swift; path = hov_assesmentTests.swift; sourceTree = "<group>"; };
		11ADC4CD27EB2A850093A53D /* hov_assesmentUITests.xctest */ = {isa = PBXFileReference; explicitFileType = wrapper.cfbundle; includeInIndex = 0; path = hov_assesmentUITests.xctest; sourceTree = BUILT_PRODUCTS_DIR; };
		11ADC4D127EB2A850093A53D /* hov_assesmentUITests.swift */ = {isa = PBXFileReference; lastKnownFileType = sourcecode.swift; path = hov_assesmentUITests.swift; sourceTree = "<group>"; };
		11ADC4D327EB2A850093A53D /* hov_assesmentUITestsLaunchTests.swift */ = {isa = PBXFileReference; lastKnownFileType = sourcecode.swift; path = hov_assesmentUITestsLaunchTests.swift; sourceTree = "<group>"; };
		11ADC4E427EB2CD90093A53D /* AppCoordinator.swift */ = {isa = PBXFileReference; lastKnownFileType = sourcecode.swift; path = AppCoordinator.swift; sourceTree = "<group>"; };
		11ADC4E627EB2D520093A53D /* UIViewController+Assessment.swift */ = {isa = PBXFileReference; fileEncoding = 4; lastKnownFileType = sourcecode.swift; path = "UIViewController+Assessment.swift"; sourceTree = "<group>"; };
		11ADC4E727EB2D520093A53D /* Date+Extension.swift */ = {isa = PBXFileReference; fileEncoding = 4; lastKnownFileType = sourcecode.swift; path = "Date+Extension.swift"; sourceTree = "<group>"; };
		11ADC4E827EB2D520093A53D /* URLRequest+Assessment.swift */ = {isa = PBXFileReference; fileEncoding = 4; lastKnownFileType = sourcecode.swift; path = "URLRequest+Assessment.swift"; sourceTree = "<group>"; };
		11ADC4E927EB2D520093A53D /* String+extension.swift */ = {isa = PBXFileReference; fileEncoding = 4; lastKnownFileType = sourcecode.swift; path = "String+extension.swift"; sourceTree = "<group>"; };
		11ADC4EA27EB2D520093A53D /* UIView+Assessment.swift */ = {isa = PBXFileReference; fileEncoding = 4; lastKnownFileType = sourcecode.swift; path = "UIView+Assessment.swift"; sourceTree = "<group>"; };
		11ADC4F127EB2D7A0093A53D /* EndPoint.swift */ = {isa = PBXFileReference; fileEncoding = 4; lastKnownFileType = sourcecode.swift; path = EndPoint.swift; sourceTree = "<group>"; };
		11ADC4F227EB2D7A0093A53D /* Users+EndPoint.swift */ = {isa = PBXFileReference; fileEncoding = 4; lastKnownFileType = sourcecode.swift; path = "Users+EndPoint.swift"; sourceTree = "<group>"; };
		11ADC4F727EB2D8C0093A53D /* APIWorker.swift */ = {isa = PBXFileReference; fileEncoding = 4; lastKnownFileType = sourcecode.swift; path = APIWorker.swift; sourceTree = "<group>"; };
		11ADC4F927EB2D8C0093A53D /* APIWorker+Users.swift */ = {isa = PBXFileReference; fileEncoding = 4; lastKnownFileType = sourcecode.swift; path = "APIWorker+Users.swift"; sourceTree = "<group>"; };
		11ADC4FA27EB2D8C0093A53D /* APIManager.swift */ = {isa = PBXFileReference; fileEncoding = 4; lastKnownFileType = sourcecode.swift; path = APIManager.swift; sourceTree = "<group>"; };
		11ADC4FF27EB2DAB0093A53D /* User.swift */ = {isa = PBXFileReference; fileEncoding = 4; lastKnownFileType = sourcecode.swift; path = User.swift; sourceTree = "<group>"; };
		11ADC50527EB31030093A53D /* UsersViewController.swift */ = {isa = PBXFileReference; lastKnownFileType = sourcecode.swift; path = UsersViewController.swift; sourceTree = "<group>"; };
		11ADC50727EB31130093A53D /* UsersPresenter.swift */ = {isa = PBXFileReference; lastKnownFileType = sourcecode.swift; path = UsersPresenter.swift; sourceTree = "<group>"; };
		11ADC50927EB31220093A53D /* UsersCoordinator.swift */ = {isa = PBXFileReference; lastKnownFileType = sourcecode.swift; path = UsersCoordinator.swift; sourceTree = "<group>"; };
		11ADC50B27EB312F0093A53D /* UsersInteractor.swift */ = {isa = PBXFileReference; lastKnownFileType = sourcecode.swift; path = UsersInteractor.swift; sourceTree = "<group>"; };
		30A0C7B561E2182EB73250F0 /* Pods_hov_assesment_hov_assesmentUITests.framework */ = {isa = PBXFileReference; explicitFileType = wrapper.framework; includeInIndex = 0; path = Pods_hov_assesment_hov_assesmentUITests.framework; sourceTree = BUILT_PRODUCTS_DIR; };
		4A27C2F99DCF2DB135905361 /* Pods-hov_assesment-hov_assesmentUITests.release.xcconfig */ = {isa = PBXFileReference; includeInIndex = 1; lastKnownFileType = text.xcconfig; name = "Pods-hov_assesment-hov_assesmentUITests.release.xcconfig"; path = "Target Support Files/Pods-hov_assesment-hov_assesmentUITests/Pods-hov_assesment-hov_assesmentUITests.release.xcconfig"; sourceTree = "<group>"; };
		63030F617FE393D5E08AA343 /* Pods-hov_assesmentTests.release.xcconfig */ = {isa = PBXFileReference; includeInIndex = 1; lastKnownFileType = text.xcconfig; name = "Pods-hov_assesmentTests.release.xcconfig"; path = "Target Support Files/Pods-hov_assesmentTests/Pods-hov_assesmentTests.release.xcconfig"; sourceTree = "<group>"; };
		6D379C539C3251800120D09F /* Pods_hov_assesment.framework */ = {isa = PBXFileReference; explicitFileType = wrapper.framework; includeInIndex = 0; path = Pods_hov_assesment.framework; sourceTree = BUILT_PRODUCTS_DIR; };
		96D175EAA894EB72CDB8DC66 /* Pods-hov_assesment-hov_assesmentUITests.debug.xcconfig */ = {isa = PBXFileReference; includeInIndex = 1; lastKnownFileType = text.xcconfig; name = "Pods-hov_assesment-hov_assesmentUITests.debug.xcconfig"; path = "Target Support Files/Pods-hov_assesment-hov_assesmentUITests/Pods-hov_assesment-hov_assesmentUITests.debug.xcconfig"; sourceTree = "<group>"; };
		B322B06B1C4E3BAC011AD99A /* Pods-hov_assesment.debug.xcconfig */ = {isa = PBXFileReference; includeInIndex = 1; lastKnownFileType = text.xcconfig; name = "Pods-hov_assesment.debug.xcconfig"; path = "Target Support Files/Pods-hov_assesment/Pods-hov_assesment.debug.xcconfig"; sourceTree = "<group>"; };
		EEDB98777F4B8B50036CE153 /* Pods_hov_assesmentTests.framework */ = {isa = PBXFileReference; explicitFileType = wrapper.framework; includeInIndex = 0; path = Pods_hov_assesmentTests.framework; sourceTree = BUILT_PRODUCTS_DIR; };
/* End PBXFileReference section */

/* Begin PBXFrameworksBuildPhase section */
		11ADC4A727EB2A800093A53D /* Frameworks */ = {
			isa = PBXFrameworksBuildPhase;
			buildActionMask = 2147483647;
			files = (
				772957C2455C0D2881B10AB5 /* Pods_hov_assesment.framework in Frameworks */,
			);
			runOnlyForDeploymentPostprocessing = 0;
		};
		11ADC4C027EB2A850093A53D /* Frameworks */ = {
			isa = PBXFrameworksBuildPhase;
			buildActionMask = 2147483647;
			files = (
				28CB6323F06D362B26591845 /* Pods_hov_assesmentTests.framework in Frameworks */,
			);
			runOnlyForDeploymentPostprocessing = 0;
		};
		11ADC4CA27EB2A850093A53D /* Frameworks */ = {
			isa = PBXFrameworksBuildPhase;
			buildActionMask = 2147483647;
			files = (
				F0EE80F96EFFF8E17BFC56E2 /* Pods_hov_assesment_hov_assesmentUITests.framework in Frameworks */,
			);
			runOnlyForDeploymentPostprocessing = 0;
		};
/* End PBXFrameworksBuildPhase section */

/* Begin PBXGroup section */
		1182129427EB34BE00DEC739 /* Views */ = {
			isa = PBXGroup;
			children = (
				1182129527EB34C900DEC739 /* Cells */,
			);
			path = Views;
			sourceTree = "<group>";
		};
		1182129527EB34C900DEC739 /* Cells */ = {
			isa = PBXGroup;
			children = (
				1182129627EB34E700DEC739 /* UserTableViewCell.swift */,
				1182129727EB34E700DEC739 /* UserTableViewCell.xib */,
			);
			path = Cells;
			sourceTree = "<group>";
		};
		1182129D27EB4A7000DEC739 /* User Detail */ = {
			isa = PBXGroup;
			children = (
				118212A227EB4AB100DEC739 /* UserDetailPresenter.swift */,
				118212A427EB4AC100DEC739 /* UserDetailViewController.swift */,
				118212A027EB4AA200DEC739 /* UserDetailCoordinator.swift */,
				1182129E27EB4A9300DEC739 /* UserDetailInteractor.swift */,
				118212B227EB77C600DEC739 /* Views */,
			);
			path = "User Detail";
			sourceTree = "<group>";
		};
		118212A627EB4F3700DEC739 /* CoreData */ = {
			isa = PBXGroup;
			children = (
				118212AF27EB61C700DEC739 /* Database */,
				118212B027EB61DE00DEC739 /* CoreDataStack.swift */,
				118212BC27EB81F900DEC739 /* UserDataStore.swift */,
			);
			path = CoreData;
			sourceTree = "<group>";
		};
		118212AF27EB61C700DEC739 /* Database */ = {
			isa = PBXGroup;
			children = (
				11ADC4B627EB2A800093A53D /* hov_assesment.xcdatamodeld */,
			);
			path = Database;
			sourceTree = "<group>";
		};
		118212B227EB77C600DEC739 /* Views */ = {
			isa = PBXGroup;
			children = (
				118212B827EB80C100DEC739 /* UserDetailHeaderView.swift */,
				118212B927EB80C100DEC739 /* UserDetailHeaderView.xib */,
				118212B327EB77CA00DEC739 /* Cells */,
			);
			path = Views;
			sourceTree = "<group>";
		};
		118212B327EB77CA00DEC739 /* Cells */ = {
			isa = PBXGroup;
			children = (
				118212B427EB77DF00DEC739 /* UserDetailTableViewCell.swift */,
				118212B527EB77DF00DEC739 /* UserDetailTableViewCell.xib */,
			);
			path = Cells;
			sourceTree = "<group>";
		};
		11ADC4A127EB2A800093A53D = {
			isa = PBXGroup;
			children = (
				11ADC4AC27EB2A800093A53D /* hov_assesment */,
				11ADC4C627EB2A850093A53D /* hov_assesmentTests */,
				11ADC4D027EB2A850093A53D /* hov_assesmentUITests */,
				11ADC4AB27EB2A800093A53D /* Products */,
				11B2485026A449065DB8ED47 /* Pods */,
				95C90E8F3422BA98F3317EC3 /* Frameworks */,
			);
			sourceTree = "<group>";
		};
		11ADC4AB27EB2A800093A53D /* Products */ = {
			isa = PBXGroup;
			children = (
				11ADC4AA27EB2A800093A53D /* hov_assesment.app */,
				11ADC4C327EB2A850093A53D /* hov_assesmentTests.xctest */,
				11ADC4CD27EB2A850093A53D /* hov_assesmentUITests.xctest */,
			);
			name = Products;
			sourceTree = "<group>";
		};
		11ADC4AC27EB2A800093A53D /* hov_assesment */ = {
			isa = PBXGroup;
			children = (
				118212A627EB4F3700DEC739 /* CoreData */,
				11ADC4E327EB2ABC0093A53D /* UI */,
				11ADC4E227EB2AB40093A53D /* Models */,
				11ADC4E127EB2AAD0093A53D /* Network */,
				11ADC4E027EB2AA10093A53D /* Extensions */,
				11ADC4AD27EB2A800093A53D /* AppDelegate.swift */,
				11ADC4AF27EB2A800093A53D /* SceneDelegate.swift */,
				11ADC4E427EB2CD90093A53D /* AppCoordinator.swift */,
				11ADC4B927EB2A840093A53D /* Assets.xcassets */,
				11ADC4BB27EB2A840093A53D /* LaunchScreen.storyboard */,
				11ADC4BE27EB2A840093A53D /* Info.plist */,
			);
			path = hov_assesment;
			sourceTree = "<group>";
		};
		11ADC4C627EB2A850093A53D /* hov_assesmentTests */ = {
			isa = PBXGroup;
			children = (
				11ADC4C727EB2A850093A53D /* hov_assesmentTests.swift */,
			);
			path = hov_assesmentTests;
			sourceTree = "<group>";
		};
		11ADC4D027EB2A850093A53D /* hov_assesmentUITests */ = {
			isa = PBXGroup;
			children = (
				11ADC4D127EB2A850093A53D /* hov_assesmentUITests.swift */,
				11ADC4D327EB2A850093A53D /* hov_assesmentUITestsLaunchTests.swift */,
			);
			path = hov_assesmentUITests;
			sourceTree = "<group>";
		};
		11ADC4E027EB2AA10093A53D /* Extensions */ = {
			isa = PBXGroup;
			children = (
				11ADC4E727EB2D520093A53D /* Date+Extension.swift */,
				11ADC4E927EB2D520093A53D /* String+extension.swift */,
				11ADC4EA27EB2D520093A53D /* UIView+Assessment.swift */,
				11ADC4E627EB2D520093A53D /* UIViewController+Assessment.swift */,
				11ADC4E827EB2D520093A53D /* URLRequest+Assessment.swift */,
				118212AB27EB5ED500DEC739 /* CodingUserInfoKey+Assesment.swift */,
				118212AD27EB613300DEC739 /* JSONDecoder+Assesment.swift */,
				1183B96827EB91F4005493BD /* UIColor+Assesment.swift */,
			);
			path = Extensions;
			sourceTree = "<group>";
		};
		11ADC4E127EB2AAD0093A53D /* Network */ = {
			isa = PBXGroup;
			children = (
				11ADC4F027EB2D6B0093A53D /* EndPoints */,
				11ADC4FA27EB2D8C0093A53D /* APIManager.swift */,
				11ADC4F727EB2D8C0093A53D /* APIWorker.swift */,
				11ADC4F927EB2D8C0093A53D /* APIWorker+Users.swift */,
			);
			path = Network;
			sourceTree = "<group>";
		};
		11ADC4E227EB2AB40093A53D /* Models */ = {
			isa = PBXGroup;
			children = (
				118212A727EB50F700DEC739 /* UserEntity+CoreDataClass.swift */,
				118212A827EB50F700DEC739 /* UserEntity+CoreDataProperties.swift */,
				11ADC4FF27EB2DAB0093A53D /* User.swift */,
			);
			path = Models;
			sourceTree = "<group>";
		};
		11ADC4E327EB2ABC0093A53D /* UI */ = {
			isa = PBXGroup;
			children = (
				11ADC50327EB2DD10093A53D /* Storybaords */,
				11ADC50427EB30E50093A53D /* Users */,
				1182129D27EB4A7000DEC739 /* User Detail */,
			);
			path = UI;
			sourceTree = "<group>";
		};
		11ADC4F027EB2D6B0093A53D /* EndPoints */ = {
			isa = PBXGroup;
			children = (
				11ADC4F127EB2D7A0093A53D /* EndPoint.swift */,
				11ADC4F227EB2D7A0093A53D /* Users+EndPoint.swift */,
			);
			path = EndPoints;
			sourceTree = "<group>";
		};
		11ADC50327EB2DD10093A53D /* Storybaords */ = {
			isa = PBXGroup;
			children = (
				11ADC4B327EB2A800093A53D /* Main.storyboard */,
			);
			path = Storybaords;
			sourceTree = "<group>";
		};
		11ADC50427EB30E50093A53D /* Users */ = {
			isa = PBXGroup;
			children = (
				11ADC50727EB31130093A53D /* UsersPresenter.swift */,
				11ADC50527EB31030093A53D /* UsersViewController.swift */,
				11ADC50927EB31220093A53D /* UsersCoordinator.swift */,
				11ADC50B27EB312F0093A53D /* UsersInteractor.swift */,
				1182129427EB34BE00DEC739 /* Views */,
			);
			path = Users;
			sourceTree = "<group>";
		};
		11B2485026A449065DB8ED47 /* Pods */ = {
			isa = PBXGroup;
			children = (
				B322B06B1C4E3BAC011AD99A /* Pods-hov_assesment.debug.xcconfig */,
				08F7997C8718DE12C1F66D55 /* Pods-hov_assesment.release.xcconfig */,
				96D175EAA894EB72CDB8DC66 /* Pods-hov_assesment-hov_assesmentUITests.debug.xcconfig */,
				4A27C2F99DCF2DB135905361 /* Pods-hov_assesment-hov_assesmentUITests.release.xcconfig */,
				0267AF07E8F018E57675FFA2 /* Pods-hov_assesmentTests.debug.xcconfig */,
				63030F617FE393D5E08AA343 /* Pods-hov_assesmentTests.release.xcconfig */,
			);
			path = Pods;
			sourceTree = "<group>";
		};
		95C90E8F3422BA98F3317EC3 /* Frameworks */ = {
			isa = PBXGroup;
			children = (
				6D379C539C3251800120D09F /* Pods_hov_assesment.framework */,
				30A0C7B561E2182EB73250F0 /* Pods_hov_assesment_hov_assesmentUITests.framework */,
				EEDB98777F4B8B50036CE153 /* Pods_hov_assesmentTests.framework */,
			);
			name = Frameworks;
			sourceTree = "<group>";
		};
/* End PBXGroup section */

/* Begin PBXNativeTarget section */
		11ADC4A927EB2A800093A53D /* hov_assesment */ = {
			isa = PBXNativeTarget;
			buildConfigurationList = 11ADC4D727EB2A850093A53D /* Build configuration list for PBXNativeTarget "hov_assesment" */;
			buildPhases = (
				AB144AA7D9B9269A9E625233 /* [CP] Check Pods Manifest.lock */,
				11ADC4A627EB2A800093A53D /* Sources */,
				11ADC4A727EB2A800093A53D /* Frameworks */,
				11ADC4A827EB2A800093A53D /* Resources */,
				E7E1BAFBEA77428AF2E54730 /* [CP] Embed Pods Frameworks */,
			);
			buildRules = (
			);
			dependencies = (
			);
			name = hov_assesment;
			productName = hov_assesment;
			productReference = 11ADC4AA27EB2A800093A53D /* hov_assesment.app */;
			productType = "com.apple.product-type.application";
		};
		11ADC4C227EB2A850093A53D /* hov_assesmentTests */ = {
			isa = PBXNativeTarget;
			buildConfigurationList = 11ADC4DA27EB2A850093A53D /* Build configuration list for PBXNativeTarget "hov_assesmentTests" */;
			buildPhases = (
				A57CFF7390DAE376304CCCF3 /* [CP] Check Pods Manifest.lock */,
				11ADC4BF27EB2A850093A53D /* Sources */,
				11ADC4C027EB2A850093A53D /* Frameworks */,
				11ADC4C127EB2A850093A53D /* Resources */,
			);
			buildRules = (
			);
			dependencies = (
				11ADC4C527EB2A850093A53D /* PBXTargetDependency */,
			);
			name = hov_assesmentTests;
			productName = hov_assesmentTests;
			productReference = 11ADC4C327EB2A850093A53D /* hov_assesmentTests.xctest */;
			productType = "com.apple.product-type.bundle.unit-test";
		};
		11ADC4CC27EB2A850093A53D /* hov_assesmentUITests */ = {
			isa = PBXNativeTarget;
			buildConfigurationList = 11ADC4DD27EB2A850093A53D /* Build configuration list for PBXNativeTarget "hov_assesmentUITests" */;
			buildPhases = (
				D5D634CF47E2AD740F9BB3A2 /* [CP] Check Pods Manifest.lock */,
				11ADC4C927EB2A850093A53D /* Sources */,
				11ADC4CA27EB2A850093A53D /* Frameworks */,
				11ADC4CB27EB2A850093A53D /* Resources */,
				C7F55C236B707865EF83E769 /* [CP] Embed Pods Frameworks */,
			);
			buildRules = (
			);
			dependencies = (
				11ADC4CF27EB2A850093A53D /* PBXTargetDependency */,
			);
			name = hov_assesmentUITests;
			productName = hov_assesmentUITests;
			productReference = 11ADC4CD27EB2A850093A53D /* hov_assesmentUITests.xctest */;
			productType = "com.apple.product-type.bundle.ui-testing";
		};
/* End PBXNativeTarget section */

/* Begin PBXProject section */
		11ADC4A227EB2A800093A53D /* Project object */ = {
			isa = PBXProject;
			attributes = {
				BuildIndependentTargetsInParallel = 1;
				LastSwiftUpdateCheck = 1320;
				LastUpgradeCheck = 1320;
				TargetAttributes = {
					11ADC4A927EB2A800093A53D = {
						CreatedOnToolsVersion = 13.2.1;
					};
					11ADC4C227EB2A850093A53D = {
						CreatedOnToolsVersion = 13.2.1;
						TestTargetID = 11ADC4A927EB2A800093A53D;
					};
					11ADC4CC27EB2A850093A53D = {
						CreatedOnToolsVersion = 13.2.1;
						TestTargetID = 11ADC4A927EB2A800093A53D;
					};
				};
			};
			buildConfigurationList = 11ADC4A527EB2A800093A53D /* Build configuration list for PBXProject "hov_assesment" */;
			compatibilityVersion = "Xcode 13.0";
			developmentRegion = en;
			hasScannedForEncodings = 0;
			knownRegions = (
				en,
				Base,
			);
			mainGroup = 11ADC4A127EB2A800093A53D;
			productRefGroup = 11ADC4AB27EB2A800093A53D /* Products */;
			projectDirPath = "";
			projectRoot = "";
			targets = (
				11ADC4A927EB2A800093A53D /* hov_assesment */,
				11ADC4C227EB2A850093A53D /* hov_assesmentTests */,
				11ADC4CC27EB2A850093A53D /* hov_assesmentUITests */,
			);
		};
/* End PBXProject section */

/* Begin PBXResourcesBuildPhase section */
		11ADC4A827EB2A800093A53D /* Resources */ = {
			isa = PBXResourcesBuildPhase;
			buildActionMask = 2147483647;
			files = (
				1182129927EB34E700DEC739 /* UserTableViewCell.xib in Resources */,
				118212BB27EB80C100DEC739 /* UserDetailHeaderView.xib in Resources */,
				11ADC4BD27EB2A840093A53D /* LaunchScreen.storyboard in Resources */,
				11ADC4BA27EB2A840093A53D /* Assets.xcassets in Resources */,
				118212B727EB77E000DEC739 /* UserDetailTableViewCell.xib in Resources */,
				11ADC4B527EB2A800093A53D /* Main.storyboard in Resources */,
			);
			runOnlyForDeploymentPostprocessing = 0;
		};
		11ADC4C127EB2A850093A53D /* Resources */ = {
			isa = PBXResourcesBuildPhase;
			buildActionMask = 2147483647;
			files = (
			);
			runOnlyForDeploymentPostprocessing = 0;
		};
		11ADC4CB27EB2A850093A53D /* Resources */ = {
			isa = PBXResourcesBuildPhase;
			buildActionMask = 2147483647;
			files = (
			);
			runOnlyForDeploymentPostprocessing = 0;
		};
/* End PBXResourcesBuildPhase section */

/* Begin PBXShellScriptBuildPhase section */
		A57CFF7390DAE376304CCCF3 /* [CP] Check Pods Manifest.lock */ = {
			isa = PBXShellScriptBuildPhase;
			buildActionMask = 2147483647;
			files = (
			);
			inputFileListPaths = (
			);
			inputPaths = (
				"${PODS_PODFILE_DIR_PATH}/Podfile.lock",
				"${PODS_ROOT}/Manifest.lock",
			);
			name = "[CP] Check Pods Manifest.lock";
			outputFileListPaths = (
			);
			outputPaths = (
				"$(DERIVED_FILE_DIR)/Pods-hov_assesmentTests-checkManifestLockResult.txt",
			);
			runOnlyForDeploymentPostprocessing = 0;
			shellPath = /bin/sh;
			shellScript = "diff \"${PODS_PODFILE_DIR_PATH}/Podfile.lock\" \"${PODS_ROOT}/Manifest.lock\" > /dev/null\nif [ $? != 0 ] ; then\n    # print error to STDERR\n    echo \"error: The sandbox is not in sync with the Podfile.lock. Run 'pod install' or update your CocoaPods installation.\" >&2\n    exit 1\nfi\n# This output is used by Xcode 'outputs' to avoid re-running this script phase.\necho \"SUCCESS\" > \"${SCRIPT_OUTPUT_FILE_0}\"\n";
			showEnvVarsInLog = 0;
		};
		AB144AA7D9B9269A9E625233 /* [CP] Check Pods Manifest.lock */ = {
			isa = PBXShellScriptBuildPhase;
			buildActionMask = 2147483647;
			files = (
			);
			inputFileListPaths = (
			);
			inputPaths = (
				"${PODS_PODFILE_DIR_PATH}/Podfile.lock",
				"${PODS_ROOT}/Manifest.lock",
			);
			name = "[CP] Check Pods Manifest.lock";
			outputFileListPaths = (
			);
			outputPaths = (
				"$(DERIVED_FILE_DIR)/Pods-hov_assesment-checkManifestLockResult.txt",
			);
			runOnlyForDeploymentPostprocessing = 0;
			shellPath = /bin/sh;
			shellScript = "diff \"${PODS_PODFILE_DIR_PATH}/Podfile.lock\" \"${PODS_ROOT}/Manifest.lock\" > /dev/null\nif [ $? != 0 ] ; then\n    # print error to STDERR\n    echo \"error: The sandbox is not in sync with the Podfile.lock. Run 'pod install' or update your CocoaPods installation.\" >&2\n    exit 1\nfi\n# This output is used by Xcode 'outputs' to avoid re-running this script phase.\necho \"SUCCESS\" > \"${SCRIPT_OUTPUT_FILE_0}\"\n";
			showEnvVarsInLog = 0;
		};
		C7F55C236B707865EF83E769 /* [CP] Embed Pods Frameworks */ = {
			isa = PBXShellScriptBuildPhase;
			buildActionMask = 2147483647;
			files = (
			);
			inputFileListPaths = (
				"${PODS_ROOT}/Target Support Files/Pods-hov_assesment-hov_assesmentUITests/Pods-hov_assesment-hov_assesmentUITests-frameworks-${CONFIGURATION}-input-files.xcfilelist",
			);
			name = "[CP] Embed Pods Frameworks";
			outputFileListPaths = (
				"${PODS_ROOT}/Target Support Files/Pods-hov_assesment-hov_assesmentUITests/Pods-hov_assesment-hov_assesmentUITests-frameworks-${CONFIGURATION}-output-files.xcfilelist",
			);
			runOnlyForDeploymentPostprocessing = 0;
			shellPath = /bin/sh;
			shellScript = "\"${PODS_ROOT}/Target Support Files/Pods-hov_assesment-hov_assesmentUITests/Pods-hov_assesment-hov_assesmentUITests-frameworks.sh\"\n";
			showEnvVarsInLog = 0;
		};
		D5D634CF47E2AD740F9BB3A2 /* [CP] Check Pods Manifest.lock */ = {
			isa = PBXShellScriptBuildPhase;
			buildActionMask = 2147483647;
			files = (
			);
			inputFileListPaths = (
			);
			inputPaths = (
				"${PODS_PODFILE_DIR_PATH}/Podfile.lock",
				"${PODS_ROOT}/Manifest.lock",
			);
			name = "[CP] Check Pods Manifest.lock";
			outputFileListPaths = (
			);
			outputPaths = (
				"$(DERIVED_FILE_DIR)/Pods-hov_assesment-hov_assesmentUITests-checkManifestLockResult.txt",
			);
			runOnlyForDeploymentPostprocessing = 0;
			shellPath = /bin/sh;
			shellScript = "diff \"${PODS_PODFILE_DIR_PATH}/Podfile.lock\" \"${PODS_ROOT}/Manifest.lock\" > /dev/null\nif [ $? != 0 ] ; then\n    # print error to STDERR\n    echo \"error: The sandbox is not in sync with the Podfile.lock. Run 'pod install' or update your CocoaPods installation.\" >&2\n    exit 1\nfi\n# This output is used by Xcode 'outputs' to avoid re-running this script phase.\necho \"SUCCESS\" > \"${SCRIPT_OUTPUT_FILE_0}\"\n";
			showEnvVarsInLog = 0;
		};
		E7E1BAFBEA77428AF2E54730 /* [CP] Embed Pods Frameworks */ = {
			isa = PBXShellScriptBuildPhase;
			buildActionMask = 2147483647;
			files = (
			);
			inputFileListPaths = (
				"${PODS_ROOT}/Target Support Files/Pods-hov_assesment/Pods-hov_assesment-frameworks-${CONFIGURATION}-input-files.xcfilelist",
			);
			name = "[CP] Embed Pods Frameworks";
			outputFileListPaths = (
				"${PODS_ROOT}/Target Support Files/Pods-hov_assesment/Pods-hov_assesment-frameworks-${CONFIGURATION}-output-files.xcfilelist",
			);
			runOnlyForDeploymentPostprocessing = 0;
			shellPath = /bin/sh;
			shellScript = "\"${PODS_ROOT}/Target Support Files/Pods-hov_assesment/Pods-hov_assesment-frameworks.sh\"\n";
			showEnvVarsInLog = 0;
		};
/* End PBXShellScriptBuildPhase section */

/* Begin PBXSourcesBuildPhase section */
		11ADC4A627EB2A800093A53D /* Sources */ = {
			isa = PBXSourcesBuildPhase;
			buildActionMask = 2147483647;
			files = (
				11ADC4FE27EB2D8C0093A53D /* APIManager.swift in Sources */,
				118212AA27EB50F700DEC739 /* UserEntity+CoreDataProperties.swift in Sources */,
				1182129827EB34E700DEC739 /* UserTableViewCell.swift in Sources */,
				11ADC50C27EB312F0093A53D /* UsersInteractor.swift in Sources */,
				118212AC27EB5ED500DEC739 /* CodingUserInfoKey+Assesment.swift in Sources */,
				11ADC4F527EB2D7A0093A53D /* Users+EndPoint.swift in Sources */,
				1183B96927EB91F4005493BD /* UIColor+Assesment.swift in Sources */,
				11ADC4EE27EB2D520093A53D /* String+extension.swift in Sources */,
				11ADC4B827EB2A800093A53D /* hov_assesment.xcdatamodeld in Sources */,
				11ADC50627EB31030093A53D /* UsersViewController.swift in Sources */,
				118212BA27EB80C100DEC739 /* UserDetailHeaderView.swift in Sources */,
				11ADC50A27EB31220093A53D /* UsersCoordinator.swift in Sources */,
				11ADC4F427EB2D7A0093A53D /* EndPoint.swift in Sources */,
				11ADC4EB27EB2D520093A53D /* UIViewController+Assessment.swift in Sources */,
				118212A527EB4AC100DEC739 /* UserDetailViewController.swift in Sources */,
				118212A927EB50F700DEC739 /* UserEntity+CoreDataClass.swift in Sources */,
				11ADC4E527EB2CD90093A53D /* AppCoordinator.swift in Sources */,
				11ADC4FB27EB2D8C0093A53D /* APIWorker.swift in Sources */,
				11ADC4ED27EB2D520093A53D /* URLRequest+Assessment.swift in Sources */,
				11ADC4AE27EB2A800093A53D /* AppDelegate.swift in Sources */,
				118212A327EB4AB100DEC739 /* UserDetailPresenter.swift in Sources */,
				118212BD27EB81F900DEC739 /* UserDataStore.swift in Sources */,
				11ADC50827EB31130093A53D /* UsersPresenter.swift in Sources */,
				118212AE27EB613300DEC739 /* JSONDecoder+Assesment.swift in Sources */,
				11ADC4B027EB2A800093A53D /* SceneDelegate.swift in Sources */,
				1182129F27EB4A9300DEC739 /* UserDetailInteractor.swift in Sources */,
				11ADC4FD27EB2D8C0093A53D /* APIWorker+Users.swift in Sources */,
				118212A127EB4AA200DEC739 /* UserDetailCoordinator.swift in Sources */,
				118212B627EB77E000DEC739 /* UserDetailTableViewCell.swift in Sources */,
				11ADC4EF27EB2D520093A53D /* UIView+Assessment.swift in Sources */,
				11ADC4EC27EB2D520093A53D /* Date+Extension.swift in Sources */,
				11ADC50127EB2DAB0093A53D /* User.swift in Sources */,
				118212B127EB61DE00DEC739 /* CoreDataStack.swift in Sources */,
			);
			runOnlyForDeploymentPostprocessing = 0;
		};
		11ADC4BF27EB2A850093A53D /* Sources */ = {
			isa = PBXSourcesBuildPhase;
			buildActionMask = 2147483647;
			files = (
				11ADC4C827EB2A850093A53D /* hov_assesmentTests.swift in Sources */,
			);
			runOnlyForDeploymentPostprocessing = 0;
		};
		11ADC4C927EB2A850093A53D /* Sources */ = {
			isa = PBXSourcesBuildPhase;
			buildActionMask = 2147483647;
			files = (
				11ADC4D427EB2A850093A53D /* hov_assesmentUITestsLaunchTests.swift in Sources */,
				11ADC4D227EB2A850093A53D /* hov_assesmentUITests.swift in Sources */,
			);
			runOnlyForDeploymentPostprocessing = 0;
		};
/* End PBXSourcesBuildPhase section */

/* Begin PBXTargetDependency section */
		11ADC4C527EB2A850093A53D /* PBXTargetDependency */ = {
			isa = PBXTargetDependency;
			target = 11ADC4A927EB2A800093A53D /* hov_assesment */;
			targetProxy = 11ADC4C427EB2A850093A53D /* PBXContainerItemProxy */;
		};
		11ADC4CF27EB2A850093A53D /* PBXTargetDependency */ = {
			isa = PBXTargetDependency;
			target = 11ADC4A927EB2A800093A53D /* hov_assesment */;
			targetProxy = 11ADC4CE27EB2A850093A53D /* PBXContainerItemProxy */;
		};
/* End PBXTargetDependency section */

/* Begin PBXVariantGroup section */
		11ADC4B327EB2A800093A53D /* Main.storyboard */ = {
			isa = PBXVariantGroup;
			children = (
				11ADC4B427EB2A800093A53D /* Base */,
			);
			name = Main.storyboard;
			sourceTree = "<group>";
		};
		11ADC4BB27EB2A840093A53D /* LaunchScreen.storyboard */ = {
			isa = PBXVariantGroup;
			children = (
				11ADC4BC27EB2A840093A53D /* Base */,
			);
			name = LaunchScreen.storyboard;
			sourceTree = "<group>";
		};
/* End PBXVariantGroup section */

/* Begin XCBuildConfiguration section */
		11ADC4D527EB2A850093A53D /* Debug */ = {
			isa = XCBuildConfiguration;
			buildSettings = {
				ALWAYS_SEARCH_USER_PATHS = NO;
				CLANG_ANALYZER_NONNULL = YES;
				CLANG_ANALYZER_NUMBER_OBJECT_CONVERSION = YES_AGGRESSIVE;
				CLANG_CXX_LANGUAGE_STANDARD = "gnu++17";
				CLANG_CXX_LIBRARY = "libc++";
				CLANG_ENABLE_MODULES = YES;
				CLANG_ENABLE_OBJC_ARC = YES;
				CLANG_ENABLE_OBJC_WEAK = YES;
				CLANG_WARN_BLOCK_CAPTURE_AUTORELEASING = YES;
				CLANG_WARN_BOOL_CONVERSION = YES;
				CLANG_WARN_COMMA = YES;
				CLANG_WARN_CONSTANT_CONVERSION = YES;
				CLANG_WARN_DEPRECATED_OBJC_IMPLEMENTATIONS = YES;
				CLANG_WARN_DIRECT_OBJC_ISA_USAGE = YES_ERROR;
				CLANG_WARN_DOCUMENTATION_COMMENTS = YES;
				CLANG_WARN_EMPTY_BODY = YES;
				CLANG_WARN_ENUM_CONVERSION = YES;
				CLANG_WARN_INFINITE_RECURSION = YES;
				CLANG_WARN_INT_CONVERSION = YES;
				CLANG_WARN_NON_LITERAL_NULL_CONVERSION = YES;
				CLANG_WARN_OBJC_IMPLICIT_RETAIN_SELF = YES;
				CLANG_WARN_OBJC_LITERAL_CONVERSION = YES;
				CLANG_WARN_OBJC_ROOT_CLASS = YES_ERROR;
				CLANG_WARN_QUOTED_INCLUDE_IN_FRAMEWORK_HEADER = YES;
				CLANG_WARN_RANGE_LOOP_ANALYSIS = YES;
				CLANG_WARN_STRICT_PROTOTYPES = YES;
				CLANG_WARN_SUSPICIOUS_MOVE = YES;
				CLANG_WARN_UNGUARDED_AVAILABILITY = YES_AGGRESSIVE;
				CLANG_WARN_UNREACHABLE_CODE = YES;
				CLANG_WARN__DUPLICATE_METHOD_MATCH = YES;
				COPY_PHASE_STRIP = NO;
				DEBUG_INFORMATION_FORMAT = dwarf;
				ENABLE_STRICT_OBJC_MSGSEND = YES;
				ENABLE_TESTABILITY = YES;
				GCC_C_LANGUAGE_STANDARD = gnu11;
				GCC_DYNAMIC_NO_PIC = NO;
				GCC_NO_COMMON_BLOCKS = YES;
				GCC_OPTIMIZATION_LEVEL = 0;
				GCC_PREPROCESSOR_DEFINITIONS = (
					"DEBUG=1",
					"$(inherited)",
				);
				GCC_WARN_64_TO_32_BIT_CONVERSION = YES;
				GCC_WARN_ABOUT_RETURN_TYPE = YES_ERROR;
				GCC_WARN_UNDECLARED_SELECTOR = YES;
				GCC_WARN_UNINITIALIZED_AUTOS = YES_AGGRESSIVE;
				GCC_WARN_UNUSED_FUNCTION = YES;
				GCC_WARN_UNUSED_VARIABLE = YES;
				IPHONEOS_DEPLOYMENT_TARGET = 15.2;
				MTL_ENABLE_DEBUG_INFO = INCLUDE_SOURCE;
				MTL_FAST_MATH = YES;
				ONLY_ACTIVE_ARCH = YES;
				SDKROOT = iphoneos;
				SWIFT_ACTIVE_COMPILATION_CONDITIONS = DEBUG;
				SWIFT_OPTIMIZATION_LEVEL = "-Onone";
			};
			name = Debug;
		};
		11ADC4D627EB2A850093A53D /* Release */ = {
			isa = XCBuildConfiguration;
			buildSettings = {
				ALWAYS_SEARCH_USER_PATHS = NO;
				CLANG_ANALYZER_NONNULL = YES;
				CLANG_ANALYZER_NUMBER_OBJECT_CONVERSION = YES_AGGRESSIVE;
				CLANG_CXX_LANGUAGE_STANDARD = "gnu++17";
				CLANG_CXX_LIBRARY = "libc++";
				CLANG_ENABLE_MODULES = YES;
				CLANG_ENABLE_OBJC_ARC = YES;
				CLANG_ENABLE_OBJC_WEAK = YES;
				CLANG_WARN_BLOCK_CAPTURE_AUTORELEASING = YES;
				CLANG_WARN_BOOL_CONVERSION = YES;
				CLANG_WARN_COMMA = YES;
				CLANG_WARN_CONSTANT_CONVERSION = YES;
				CLANG_WARN_DEPRECATED_OBJC_IMPLEMENTATIONS = YES;
				CLANG_WARN_DIRECT_OBJC_ISA_USAGE = YES_ERROR;
				CLANG_WARN_DOCUMENTATION_COMMENTS = YES;
				CLANG_WARN_EMPTY_BODY = YES;
				CLANG_WARN_ENUM_CONVERSION = YES;
				CLANG_WARN_INFINITE_RECURSION = YES;
				CLANG_WARN_INT_CONVERSION = YES;
				CLANG_WARN_NON_LITERAL_NULL_CONVERSION = YES;
				CLANG_WARN_OBJC_IMPLICIT_RETAIN_SELF = YES;
				CLANG_WARN_OBJC_LITERAL_CONVERSION = YES;
				CLANG_WARN_OBJC_ROOT_CLASS = YES_ERROR;
				CLANG_WARN_QUOTED_INCLUDE_IN_FRAMEWORK_HEADER = YES;
				CLANG_WARN_RANGE_LOOP_ANALYSIS = YES;
				CLANG_WARN_STRICT_PROTOTYPES = YES;
				CLANG_WARN_SUSPICIOUS_MOVE = YES;
				CLANG_WARN_UNGUARDED_AVAILABILITY = YES_AGGRESSIVE;
				CLANG_WARN_UNREACHABLE_CODE = YES;
				CLANG_WARN__DUPLICATE_METHOD_MATCH = YES;
				COPY_PHASE_STRIP = NO;
				DEBUG_INFORMATION_FORMAT = "dwarf-with-dsym";
				ENABLE_NS_ASSERTIONS = NO;
				ENABLE_STRICT_OBJC_MSGSEND = YES;
				GCC_C_LANGUAGE_STANDARD = gnu11;
				GCC_NO_COMMON_BLOCKS = YES;
				GCC_WARN_64_TO_32_BIT_CONVERSION = YES;
				GCC_WARN_ABOUT_RETURN_TYPE = YES_ERROR;
				GCC_WARN_UNDECLARED_SELECTOR = YES;
				GCC_WARN_UNINITIALIZED_AUTOS = YES_AGGRESSIVE;
				GCC_WARN_UNUSED_FUNCTION = YES;
				GCC_WARN_UNUSED_VARIABLE = YES;
				IPHONEOS_DEPLOYMENT_TARGET = 15.2;
				MTL_ENABLE_DEBUG_INFO = NO;
				MTL_FAST_MATH = YES;
				SDKROOT = iphoneos;
				SWIFT_COMPILATION_MODE = wholemodule;
				SWIFT_OPTIMIZATION_LEVEL = "-O";
				VALIDATE_PRODUCT = YES;
			};
			name = Release;
		};
		11ADC4D827EB2A850093A53D /* Debug */ = {
			isa = XCBuildConfiguration;
			baseConfigurationReference = B322B06B1C4E3BAC011AD99A /* Pods-hov_assesment.debug.xcconfig */;
			buildSettings = {
				ASSETCATALOG_COMPILER_APPICON_NAME = AppIcon;
				ASSETCATALOG_COMPILER_GLOBAL_ACCENT_COLOR_NAME = AccentColor;
				CODE_SIGN_STYLE = Automatic;
				CURRENT_PROJECT_VERSION = 1;
				DEVELOPMENT_TEAM = V23ZFDLB48;
				GENERATE_INFOPLIST_FILE = YES;
				INFOPLIST_FILE = hov_assesment/Info.plist;
				INFOPLIST_KEY_UIApplicationSupportsIndirectInputEvents = YES;
				INFOPLIST_KEY_UILaunchStoryboardName = LaunchScreen;
				INFOPLIST_KEY_UIMainStoryboardFile = Main;
				INFOPLIST_KEY_UISupportedInterfaceOrientations = UIInterfaceOrientationPortrait;
				INFOPLIST_KEY_UISupportedInterfaceOrientations_iPad = "UIInterfaceOrientationPortrait UIInterfaceOrientationPortraitUpsideDown UIInterfaceOrientationLandscapeLeft UIInterfaceOrientationLandscapeRight";
				INFOPLIST_KEY_UISupportedInterfaceOrientations_iPhone = "UIInterfaceOrientationPortrait UIInterfaceOrientationLandscapeLeft UIInterfaceOrientationLandscapeRight";
				IPHONEOS_DEPLOYMENT_TARGET = 13.0;
				LD_RUNPATH_SEARCH_PATHS = (
					"$(inherited)",
					"@executable_path/Frameworks",
				);
				MARKETING_VERSION = 1.0;
				PRODUCT_BUNDLE_IDENTIFIER = "com.organization.hov-assesment";
				PRODUCT_NAME = "$(TARGET_NAME)";
				SWIFT_EMIT_LOC_STRINGS = YES;
				SWIFT_VERSION = 5.0;
				TARGETED_DEVICE_FAMILY = 1;
			};
			name = Debug;
		};
		11ADC4D927EB2A850093A53D /* Release */ = {
			isa = XCBuildConfiguration;
			baseConfigurationReference = 08F7997C8718DE12C1F66D55 /* Pods-hov_assesment.release.xcconfig */;
			buildSettings = {
				ASSETCATALOG_COMPILER_APPICON_NAME = AppIcon;
				ASSETCATALOG_COMPILER_GLOBAL_ACCENT_COLOR_NAME = AccentColor;
				CODE_SIGN_STYLE = Automatic;
				CURRENT_PROJECT_VERSION = 1;
				DEVELOPMENT_TEAM = V23ZFDLB48;
				GENERATE_INFOPLIST_FILE = YES;
				INFOPLIST_FILE = hov_assesment/Info.plist;
				INFOPLIST_KEY_UIApplicationSupportsIndirectInputEvents = YES;
				INFOPLIST_KEY_UILaunchStoryboardName = LaunchScreen;
				INFOPLIST_KEY_UIMainStoryboardFile = Main;
				INFOPLIST_KEY_UISupportedInterfaceOrientations = UIInterfaceOrientationPortrait;
				INFOPLIST_KEY_UISupportedInterfaceOrientations_iPad = "UIInterfaceOrientationPortrait UIInterfaceOrientationPortraitUpsideDown UIInterfaceOrientationLandscapeLeft UIInterfaceOrientationLandscapeRight";
				INFOPLIST_KEY_UISupportedInterfaceOrientations_iPhone = "UIInterfaceOrientationPortrait UIInterfaceOrientationLandscapeLeft UIInterfaceOrientationLandscapeRight";
				IPHONEOS_DEPLOYMENT_TARGET = 13.0;
				LD_RUNPATH_SEARCH_PATHS = (
					"$(inherited)",
					"@executable_path/Frameworks",
				);
				MARKETING_VERSION = 1.0;
				PRODUCT_BUNDLE_IDENTIFIER = "com.organization.hov-assesment";
				PRODUCT_NAME = "$(TARGET_NAME)";
				SWIFT_EMIT_LOC_STRINGS = YES;
				SWIFT_VERSION = 5.0;
				TARGETED_DEVICE_FAMILY = 1;
			};
			name = Release;
		};
		11ADC4DB27EB2A850093A53D /* Debug */ = {
			isa = XCBuildConfiguration;
			baseConfigurationReference = 0267AF07E8F018E57675FFA2 /* Pods-hov_assesmentTests.debug.xcconfig */;
			buildSettings = {
				ALWAYS_EMBED_SWIFT_STANDARD_LIBRARIES = YES;
				BUNDLE_LOADER = "$(TEST_HOST)";
				CODE_SIGN_STYLE = Automatic;
				CURRENT_PROJECT_VERSION = 1;
				GENERATE_INFOPLIST_FILE = YES;
				IPHONEOS_DEPLOYMENT_TARGET = 15.2;
				MARKETING_VERSION = 1.0;
				PRODUCT_BUNDLE_IDENTIFIER = "com.organization.hov-assesmentTests";
				PRODUCT_NAME = "$(TARGET_NAME)";
				SWIFT_EMIT_LOC_STRINGS = NO;
				SWIFT_VERSION = 5.0;
				TARGETED_DEVICE_FAMILY = "1,2";
				TEST_HOST = "$(BUILT_PRODUCTS_DIR)/hov_assesment.app/hov_assesment";
			};
			name = Debug;
		};
		11ADC4DC27EB2A850093A53D /* Release */ = {
			isa = XCBuildConfiguration;
			baseConfigurationReference = 63030F617FE393D5E08AA343 /* Pods-hov_assesmentTests.release.xcconfig */;
			buildSettings = {
				ALWAYS_EMBED_SWIFT_STANDARD_LIBRARIES = YES;
				BUNDLE_LOADER = "$(TEST_HOST)";
				CODE_SIGN_STYLE = Automatic;
				CURRENT_PROJECT_VERSION = 1;
				GENERATE_INFOPLIST_FILE = YES;
				IPHONEOS_DEPLOYMENT_TARGET = 15.2;
				MARKETING_VERSION = 1.0;
				PRODUCT_BUNDLE_IDENTIFIER = "com.organization.hov-assesmentTests";
				PRODUCT_NAME = "$(TARGET_NAME)";
				SWIFT_EMIT_LOC_STRINGS = NO;
				SWIFT_VERSION = 5.0;
				TARGETED_DEVICE_FAMILY = "1,2";
				TEST_HOST = "$(BUILT_PRODUCTS_DIR)/hov_assesment.app/hov_assesment";
			};
			name = Release;
		};
		11ADC4DE27EB2A850093A53D /* Debug */ = {
			isa = XCBuildConfiguration;
			baseConfigurationReference = 96D175EAA894EB72CDB8DC66 /* Pods-hov_assesment-hov_assesmentUITests.debug.xcconfig */;
			buildSettings = {
				ALWAYS_EMBED_SWIFT_STANDARD_LIBRARIES = YES;
				CODE_SIGN_STYLE = Automatic;
				CURRENT_PROJECT_VERSION = 1;
				GENERATE_INFOPLIST_FILE = YES;
				MARKETING_VERSION = 1.0;
				PRODUCT_BUNDLE_IDENTIFIER = "com.organization.hov-assesmentUITests";
				PRODUCT_NAME = "$(TARGET_NAME)";
				SWIFT_EMIT_LOC_STRINGS = NO;
				SWIFT_VERSION = 5.0;
				TARGETED_DEVICE_FAMILY = "1,2";
				TEST_TARGET_NAME = hov_assesment;
			};
			name = Debug;
		};
		11ADC4DF27EB2A850093A53D /* Release */ = {
			isa = XCBuildConfiguration;
			baseConfigurationReference = 4A27C2F99DCF2DB135905361 /* Pods-hov_assesment-hov_assesmentUITests.release.xcconfig */;
			buildSettings = {
				ALWAYS_EMBED_SWIFT_STANDARD_LIBRARIES = YES;
				CODE_SIGN_STYLE = Automatic;
				CURRENT_PROJECT_VERSION = 1;
				GENERATE_INFOPLIST_FILE = YES;
				MARKETING_VERSION = 1.0;
				PRODUCT_BUNDLE_IDENTIFIER = "com.organization.hov-assesmentUITests";
				PRODUCT_NAME = "$(TARGET_NAME)";
				SWIFT_EMIT_LOC_STRINGS = NO;
				SWIFT_VERSION = 5.0;
				TARGETED_DEVICE_FAMILY = "1,2";
				TEST_TARGET_NAME = hov_assesment;
			};
			name = Release;
		};
/* End XCBuildConfiguration section */

/* Begin XCConfigurationList section */
		11ADC4A527EB2A800093A53D /* Build configuration list for PBXProject "hov_assesment" */ = {
			isa = XCConfigurationList;
			buildConfigurations = (
				11ADC4D527EB2A850093A53D /* Debug */,
				11ADC4D627EB2A850093A53D /* Release */,
			);
			defaultConfigurationIsVisible = 0;
			defaultConfigurationName = Release;
		};
		11ADC4D727EB2A850093A53D /* Build configuration list for PBXNativeTarget "hov_assesment" */ = {
			isa = XCConfigurationList;
			buildConfigurations = (
				11ADC4D827EB2A850093A53D /* Debug */,
				11ADC4D927EB2A850093A53D /* Release */,
			);
			defaultConfigurationIsVisible = 0;
			defaultConfigurationName = Release;
		};
		11ADC4DA27EB2A850093A53D /* Build configuration list for PBXNativeTarget "hov_assesmentTests" */ = {
			isa = XCConfigurationList;
			buildConfigurations = (
				11ADC4DB27EB2A850093A53D /* Debug */,
				11ADC4DC27EB2A850093A53D /* Release */,
			);
			defaultConfigurationIsVisible = 0;
			defaultConfigurationName = Release;
		};
		11ADC4DD27EB2A850093A53D /* Build configuration list for PBXNativeTarget "hov_assesmentUITests" */ = {
			isa = XCConfigurationList;
			buildConfigurations = (
				11ADC4DE27EB2A850093A53D /* Debug */,
				11ADC4DF27EB2A850093A53D /* Release */,
			);
			defaultConfigurationIsVisible = 0;
			defaultConfigurationName = Release;
		};
/* End XCConfigurationList section */

/* Begin XCVersionGroup section */
		11ADC4B627EB2A800093A53D /* hov_assesment.xcdatamodeld */ = {
			isa = XCVersionGroup;
			children = (
				11ADC4B727EB2A800093A53D /* hov_assesment.xcdatamodel */,
			);
			currentVersion = 11ADC4B727EB2A800093A53D /* hov_assesment.xcdatamodel */;
			path = hov_assesment.xcdatamodeld;
			sourceTree = "<group>";
			versionGroupType = wrapper.xcdatamodel;
		};
/* End XCVersionGroup section */
	};
	rootObject = 11ADC4A227EB2A800093A53D /* Project object */;
}
